
Microsoft Visual Studio Solution File, Format Version 12.00
Project("{FAE04EC0-301F-11D3-BF4B-00C04F79EFBC}") = "Final", "Final\Final.csproj", "{7FEFF5F5-DBEE-4526-A552-8625D6FB6170}"
EndProject
Global
	GlobalSection(SolutionConfigurationPlatforms) = preSolution
		Debug|Any CPU = Debug|Any CPU
		Release|Any CPU = Release|Any CPU
	EndGlobalSection
	GlobalSection(ProjectConfigurationPlatforms) = postSolution
		{7FEFF5F5-DBEE-4526-A552-8625D6FB6170}.Debug|Any CPU.ActiveCfg = Debug|Any CPU
		{7FEFF5F5-DBEE-4526-A552-8625D6FB6170}.Debug|Any CPU.Build.0 = Debug|Any CPU
		{7FEFF5F5-DBEE-4526-A552-8625D6FB6170}.Release|Any CPU.ActiveCfg = Release|Any CPU
		{7FEFF5F5-DBEE-4526-A552-8625D6FB6170}.Release|Any CPU.Build.0 = Release|Any CPU
	EndGlobalSection
EndGlobal
